
Microsoft Visual Studio Solution File, Format Version 12.00
# Visual Studio Version 16
VisualStudioVersion = 16.0.29025.244
MinimumVisualStudioVersion = 10.0.40219.1
Project("{FAE04EC0-301F-11D3-BF4B-00C04F79EFBC}") = "Pong", "Pong\Pong.csproj", "{FD60ADD3-E62F-4218-AD5E-67387F900F3B}"
EndProject
Global
	GlobalSection(SolutionConfigurationPlatforms) = preSolution
		Debug|Any CPU = Debug|Any CPU
		Release|Any CPU = Release|Any CPU
	EndGlobalSection
	GlobalSection(ProjectConfigurationPlatforms) = postSolution
		{FD60ADD3-E62F-4218-AD5E-67387F900F3B}.Debug|Any CPU.ActiveCfg = Debug|Any CPU
		{FD60ADD3-E62F-4218-AD5E-67387F900F3B}.Debug|Any CPU.Build.0 = Debug|Any CPU
		{FD60ADD3-E62F-4218-AD5E-67387F900F3B}.Release|Any CPU.ActiveCfg = Release|Any CPU
		{FD60ADD3-E62F-4218-AD5E-67387F900F3B}.Release|Any CPU.Build.0 = Release|Any CPU
	EndGlobalSection
	GlobalSection(SolutionProperties) = preSolution
		HideSolutionNode = FALSE
	EndGlobalSection
	GlobalSection(ExtensibilityGlobals) = postSolution
		SolutionGuid = {45B90B46-8363-4096-921E-9F8A881C631C}
	EndGlobalSection
EndGlobal
